
Microsoft Visual Studio Solution File, Format Version 12.00
# Visual Studio Version 17
VisualStudioVersion = 17.11.35312.102
MinimumVisualStudioVersion = 10.0.40219.1
Project("{FAE04EC0-301F-11D3-BF4B-00C04F79EFBC}") = "EmployAI", "EmployAI\EmployAI.csproj", "{3D197E9F-271A-4FDF-AADE-4B08F44D798A}"
EndProject
Global
	GlobalSection(SolutionConfigurationPlatforms) = preSolution
		Debug|Any CPU = Debug|Any CPU
		Release|Any CPU = Release|Any CPU
	EndGlobalSection
	GlobalSection(ProjectConfigurationPlatforms) = postSolution
		{3D197E9F-271A-4FDF-AADE-4B08F44D798A}.Debug|Any CPU.ActiveCfg = Debug|Any CPU
		{3D197E9F-271A-4FDF-AADE-4B08F44D798A}.Debug|Any CPU.Build.0 = Debug|Any CPU
		{3D197E9F-271A-4FDF-AADE-4B08F44D798A}.Release|Any CPU.ActiveCfg = Release|Any CPU
		{3D197E9F-271A-4FDF-AADE-4B08F44D798A}.Release|Any CPU.Build.0 = Release|Any CPU
	EndGlobalSection
	GlobalSection(SolutionProperties) = preSolution
		HideSolutionNode = FALSE
	EndGlobalSection
	GlobalSection(ExtensibilityGlobals) = postSolution
		SolutionGuid = {3C3F22C6-9E9F-4FA3-9FD8-2439B2BEFFAD}
	EndGlobalSection
EndGlobal
